
Microsoft Visual Studio Solution File, Format Version 12.00
# Visual Studio 2013
VisualStudioVersion = 12.0.30501.0
MinimumVisualStudioVersion = 10.0.40219.1
Project("{FAE04EC0-301F-11D3-BF4B-00C04F79EFBC}") = "Quiron.LojaVirtual.Dominio", "Quiron.LojaVirtual.Dominio\Quiron.LojaVirtual.Dominio.csproj", "{A0C2D738-4AFB-4F9F-82EB-97538E548927}"
EndProject
Project("{FAE04EC0-301F-11D3-BF4B-00C04F79EFBC}") = "Quiron.LojaVirtual.Web", "Quiron.LojaVirtual.Web\Quiron.LojaVirtual.Web.csproj", "{EF46BFA0-324F-462F-A72A-BDD14C30CFAA}"
EndProject
Project("{FAE04EC0-301F-11D3-BF4B-00C04F79EFBC}") = "Quiron.LojaVirtual.UnitTest", "Quiron.LojaVirtual.UnitTest\Quiron.LojaVirtual.UnitTest.csproj", "{D3C2EAFB-26EB-46F0-88A2-DD07C5FF7344}"
EndProject
Global
	GlobalSection(SolutionConfigurationPlatforms) = preSolution
		Debug|Any CPU = Debug|Any CPU
		Debug|ARM = Debug|ARM
		Debug|x64 = Debug|x64
		Debug|x86 = Debug|x86
		Release|Any CPU = Release|Any CPU
		Release|ARM = Release|ARM
		Release|x64 = Release|x64
		Release|x86 = Release|x86
	EndGlobalSection
	GlobalSection(ProjectConfigurationPlatforms) = postSolution
		{A0C2D738-4AFB-4F9F-82EB-97538E548927}.Debug|Any CPU.ActiveCfg = Debug|Any CPU
		{A0C2D738-4AFB-4F9F-82EB-97538E548927}.Debug|Any CPU.Build.0 = Debug|Any CPU
		{A0C2D738-4AFB-4F9F-82EB-97538E548927}.Debug|ARM.ActiveCfg = Debug|Any CPU
		{A0C2D738-4AFB-4F9F-82EB-97538E548927}.Debug|x64.ActiveCfg = Debug|Any CPU
		{A0C2D738-4AFB-4F9F-82EB-97538E548927}.Debug|x86.ActiveCfg = Debug|Any CPU
		{A0C2D738-4AFB-4F9F-82EB-97538E548927}.Release|Any CPU.ActiveCfg = Release|Any CPU
		{A0C2D738-4AFB-4F9F-82EB-97538E548927}.Release|Any CPU.Build.0 = Release|Any CPU
		{A0C2D738-4AFB-4F9F-82EB-97538E548927}.Release|ARM.ActiveCfg = Release|Any CPU
		{A0C2D738-4AFB-4F9F-82EB-97538E548927}.Release|x64.ActiveCfg = Release|Any CPU
		{A0C2D738-4AFB-4F9F-82EB-97538E548927}.Release|x86.ActiveCfg = Release|Any CPU
		{EF46BFA0-324F-462F-A72A-BDD14C30CFAA}.Debug|Any CPU.ActiveCfg = Debug|Any CPU
		{EF46BFA0-324F-462F-A72A-BDD14C30CFAA}.Debug|Any CPU.Build.0 = Debug|Any CPU
		{EF46BFA0-324F-462F-A72A-BDD14C30CFAA}.Debug|ARM.ActiveCfg = Debug|Any CPU
		{EF46BFA0-324F-462F-A72A-BDD14C30CFAA}.Debug|x64.ActiveCfg = Debug|Any CPU
		{EF46BFA0-324F-462F-A72A-BDD14C30CFAA}.Debug|x86.ActiveCfg = Debug|Any CPU
		{EF46BFA0-324F-462F-A72A-BDD14C30CFAA}.Release|Any CPU.ActiveCfg = Release|Any CPU
		{EF46BFA0-324F-462F-A72A-BDD14C30CFAA}.Release|Any CPU.Build.0 = Release|Any CPU
		{EF46BFA0-324F-462F-A72A-BDD14C30CFAA}.Release|ARM.ActiveCfg = Release|Any CPU
		{EF46BFA0-324F-462F-A72A-BDD14C30CFAA}.Release|x64.ActiveCfg = Release|Any CPU
		{EF46BFA0-324F-462F-A72A-BDD14C30CFAA}.Release|x86.ActiveCfg = Release|Any CPU
		{D3C2EAFB-26EB-46F0-88A2-DD07C5FF7344}.Debug|Any CPU.ActiveCfg = Debug|Any CPU
		{D3C2EAFB-26EB-46F0-88A2-DD07C5FF7344}.Debug|Any CPU.Build.0 = Debug|Any CPU
		{D3C2EAFB-26EB-46F0-88A2-DD07C5FF7344}.Debug|ARM.ActiveCfg = Debug|Any CPU
		{D3C2EAFB-26EB-46F0-88A2-DD07C5FF7344}.Debug|x64.ActiveCfg = Debug|Any CPU
		{D3C2EAFB-26EB-46F0-88A2-DD07C5FF7344}.Debug|x86.ActiveCfg = Debug|Any CPU
		{D3C2EAFB-26EB-46F0-88A2-DD07C5FF7344}.Release|Any CPU.ActiveCfg = Release|Any CPU
		{D3C2EAFB-26EB-46F0-88A2-DD07C5FF7344}.Release|Any CPU.Build.0 = Release|Any CPU
		{D3C2EAFB-26EB-46F0-88A2-DD07C5FF7344}.Release|ARM.ActiveCfg = Release|Any CPU
		{D3C2EAFB-26EB-46F0-88A2-DD07C5FF7344}.Release|x64.ActiveCfg = Release|Any CPU
		{D3C2EAFB-26EB-46F0-88A2-DD07C5FF7344}.Release|x86.ActiveCfg = Release|Any CPU
	EndGlobalSection
	GlobalSection(SolutionProperties) = preSolution
		HideSolutionNode = FALSE
	EndGlobalSection
EndGlobal
